
Microsoft Visual Studio Solution File, Format Version 12.00
# Visual Studio Version 17
VisualStudioVersion = 17.13.35825.156 d17.13
MinimumVisualStudioVersion = 10.0.40219.1
Project("{FAE04EC0-301F-11D3-BF4B-00C04F79EFBC}") = "DAL", "DAL\DAL.csproj", "{CA9F28AE-8BC6-4D13-A7A0-6311C2117030}"
EndProject
Project("{FAE04EC0-301F-11D3-BF4B-00C04F79EFBC}") = "BLL", "BLL\BLL.csproj", "{D06A7126-AA4B-48DB-80A4-15D921779669}"
EndProject
Project("{FAE04EC0-301F-11D3-BF4B-00C04F79EFBC}") = "SkincareApp", "SkinCareApp\SkincareApp.csproj", "{A3DCE31F-F0F7-4056-BA1D-B6BAB6B02544}"
EndProject
Global
	GlobalSection(SolutionConfigurationPlatforms) = preSolution
		Debug|Any CPU = Debug|Any CPU
		Release|Any CPU = Release|Any CPU
	EndGlobalSection
	GlobalSection(ProjectConfigurationPlatforms) = postSolution
		{CA9F28AE-8BC6-4D13-A7A0-6311C2117030}.Debug|Any CPU.ActiveCfg = Debug|Any CPU
		{CA9F28AE-8BC6-4D13-A7A0-6311C2117030}.Debug|Any CPU.Build.0 = Debug|Any CPU
		{CA9F28AE-8BC6-4D13-A7A0-6311C2117030}.Release|Any CPU.ActiveCfg = Release|Any CPU
		{CA9F28AE-8BC6-4D13-A7A0-6311C2117030}.Release|Any CPU.Build.0 = Release|Any CPU
		{D06A7126-AA4B-48DB-80A4-15D921779669}.Debug|Any CPU.ActiveCfg = Debug|Any CPU
		{D06A7126-AA4B-48DB-80A4-15D921779669}.Debug|Any CPU.Build.0 = Debug|Any CPU
		{D06A7126-AA4B-48DB-80A4-15D921779669}.Release|Any CPU.ActiveCfg = Release|Any CPU
		{D06A7126-AA4B-48DB-80A4-15D921779669}.Release|Any CPU.Build.0 = Release|Any CPU
		{A3DCE31F-F0F7-4056-BA1D-B6BAB6B02544}.Debug|Any CPU.ActiveCfg = Debug|Any CPU
		{A3DCE31F-F0F7-4056-BA1D-B6BAB6B02544}.Debug|Any CPU.Build.0 = Debug|Any CPU
		{A3DCE31F-F0F7-4056-BA1D-B6BAB6B02544}.Release|Any CPU.ActiveCfg = Release|Any CPU
		{A3DCE31F-F0F7-4056-BA1D-B6BAB6B02544}.Release|Any CPU.Build.0 = Release|Any CPU
	EndGlobalSection
	GlobalSection(SolutionProperties) = preSolution
		HideSolutionNode = FALSE
	EndGlobalSection
	GlobalSection(ExtensibilityGlobals) = postSolution
		SolutionGuid = {31D0A163-AA3A-48B3-A546-DEA2C0257073}
	EndGlobalSection
EndGlobal
